
Microsoft Visual Studio Solution File, Format Version 12.00
# Visual Studio Version 17
VisualStudioVersion = 17.3.32901.215
MinimumVisualStudioVersion = 10.0.40219.1
Project("{FAE04EC0-301F-11D3-BF4B-00C04F79EFBC}") = "ConsoleShop", "ConsoleShop.csproj", "{B52E25DA-CF2B-4422-98CF-2DB9CF487E14}"
EndProject
Global
	GlobalSection(SolutionConfigurationPlatforms) = preSolution
		Debug|Any CPU = Debug|Any CPU
		Release|Any CPU = Release|Any CPU
	EndGlobalSection
	GlobalSection(ProjectConfigurationPlatforms) = postSolution
		{B52E25DA-CF2B-4422-98CF-2DB9CF487E14}.Debug|Any CPU.ActiveCfg = Debug|Any CPU
		{B52E25DA-CF2B-4422-98CF-2DB9CF487E14}.Debug|Any CPU.Build.0 = Debug|Any CPU
		{B52E25DA-CF2B-4422-98CF-2DB9CF487E14}.Release|Any CPU.ActiveCfg = Release|Any CPU
		{B52E25DA-CF2B-4422-98CF-2DB9CF487E14}.Release|Any CPU.Build.0 = Release|Any CPU
	EndGlobalSection
	GlobalSection(SolutionProperties) = preSolution
		HideSolutionNode = FALSE
	EndGlobalSection
	GlobalSection(ExtensibilityGlobals) = postSolution
		SolutionGuid = {C3C98147-EE81-40BF-B80B-83D0BC6B89B2}
	EndGlobalSection
EndGlobal
